// !$*UTF8*$!
{
	archiveVersion = 1;
	classes = {
	};
	objectVersion = 46;
	objects = {

/* Begin PBXBuildFile section */
		AE975DF71E7041760021780B /* main.m in Sources */ = {isa = PBXBuildFile; fileRef = AE975DF61E7041760021780B /* main.m */; };
		AE975DFA1E7041760021780B /* AppDelegate.m in Sources */ = {isa = PBXBuildFile; fileRef = AE975DF91E7041760021780B /* AppDelegate.m */; };
		AE975DFD1E7041760021780B /* ViewController.m in Sources */ = {isa = PBXBuildFile; fileRef = AE975DFC1E7041760021780B /* ViewController.m */; };
		AE975E001E7041760021780B /* Main.storyboard in Resources */ = {isa = PBXBuildFile; fileRef = AE975DFE1E7041760021780B /* Main.storyboard */; };
		AE975E021E7041760021780B /* Assets.xcassets in Resources */ = {isa = PBXBuildFile; fileRef = AE975E011E7041760021780B /* Assets.xcassets */; };
		AE975E051E7041760021780B /* LaunchScreen.storyboard in Resources */ = {isa = PBXBuildFile; fileRef = AE975E031E7041760021780B /* LaunchScreen.storyboard */; };
/* End PBXBuildFile section */

/* Begin PBXFileReference section */
		AE975DF21E7041760021780B /* TodoList.app */ = {isa = PBXFileReference; explicitFileType = wrapper.application; includeInIndex = 0; path = TodoList.app; sourceTree = BUILT_PRODUCTS_DIR; };
		AE975DF61E7041760021780B /* main.m */ = {isa = PBXFileReference; lastKnownFileType = sourcecode.c.objc; path = main.m; sourceTree = "<group>"; };
		AE975DF81E7041760021780B /* AppDelegate.h */ = {isa = PBXFileReference; lastKnownFileType = sourcecode.c.h; path = AppDelegate.h; sourceTree = "<group>"; };
		AE975DF91E7041760021780B /* AppDelegate.m */ = {isa = PBXFileReference; lastKnownFileType = sourcecode.c.objc; path = AppDelegate.m; sourceTree = "<group>"; };
		AE975DFB1E7041760021780B /* ViewController.h */ = {isa = PBXFileReference; lastKnownFileType = sourcecode.c.h; path = ViewController.h; sourceTree = "<group>"; };
		AE975DFC1E7041760021780B /* ViewController.m */ = {isa = PBXFileReference; lastKnownFileType = sourcecode.c.objc; path = ViewController.m; sourceTree = "<group>"; };
		AE975DFF1E7041760021780B /* Base */ = {isa = PBXFileReference; lastKnownFileType = file.storyboard; name = Base; path = Base.lproj/Main.storyboard; sourceTree = "<group>"; };
		AE975E011E7041760021780B /* Assets.xcassets */ = {isa = PBXFileReference; lastKnownFileType = folder.assetcatalog; path = Assets.xcassets; sourceTree = "<group>"; };
		AE975E041E7041760021780B /* Base */ = {isa = PBXFileReference; lastKnownFileType = file.storyboard; name = Base; path = Base.lproj/LaunchScreen.storyboard; sourceTree = "<group>"; };
		AE975E061E7041760021780B /* Info.plist */ = {isa = PBXFileReference; lastKnownFileType = text.plist.xml; path = Info.plist; sourceTree = "<group>"; };
/* End PBXFileReference section */

/* Begin PBXFrameworksBuildPhase section */
		AE975DEF1E7041760021780B /* Frameworks */ = {
			isa = PBXFrameworksBuildPhase;
			buildActionMask = 2147483647;
			files = (
			);
			runOnlyForDeploymentPostprocessing = 0;
		};
/* End PBXFrameworksBuildPhase section */

/* Begin PBXGroup section */
		AE975DE91E7041760021780B = {
			isa = PBXGroup;
			children = (
				AE975DF41E7041760021780B /* TodoList */,
				AE975DF31E7041760021780B /* Products */,
			);
			sourceTree = "<group>";
		};
		AE975DF31E7041760021780B /* Products */ = {
			isa = PBXGroup;
			children = (
				AE975DF21E7041760021780B /* TodoList.app */,
			);
			name = Products;
			sourceTree = "<group>";
		};
		AE975DF41E7041760021780B /* TodoList */ = {
			isa = PBXGroup;
			children = (
				AE975DF81E7041760021780B /* AppDelegate.h */,
				AE975DF91E7041760021780B /* AppDelegate.m */,
				AE975DFB1E7041760021780B /* ViewController.h */,
				AE975DFC1E7041760021780B /* ViewController.m */,
				AE975DFE1E7041760021780B /* Main.storyboard */,
				AE975E011E7041760021780B /* Assets.xcassets */,
				AE975E031E7041760021780B /* LaunchScreen.storyboard */,
				AE975E061E7041760021780B /* Info.plist */,
				AE975DF51E7041760021780B /* Supporting Files */,
			);
			path = TodoList;
			sourceTree = "<group>";
		};
		AE975DF51E7041760021780B /* Supporting Files */ = {
			isa = PBXGroup;
			children = (
				AE975DF61E7041760021780B /* main.m */,
			);
			name = "Supporting Files";
			sourceTree = "<group>";
		};
/* End PBXGroup section */

/* Begin PBXNativeTarget section */
		AE975DF11E7041760021780B /* TodoList */ = {
			isa = PBXNativeTarget;
			buildConfigurationList = AE975E091E7041760021780B /* Build configuration list for PBXNativeTarget "TodoList" */;
			buildPhases = (
				AE975DEE1E7041760021780B /* Sources */,
				AE975DEF1E7041760021780B /* Frameworks */,
				AE975DF01E7041760021780B /* Resources */,
			);
			buildRules = (
			);
			dependencies = (
			);
			name = TodoList;
			productName = TodoList;
			productReference = AE975DF21E7041760021780B /* TodoList.app */;
			productType = "com.apple.product-type.application";
		};
/* End PBXNativeTarget section */

/* Begin PBXProject section */
		AE975DEA1E7041760021780B /* Project object */ = {
			isa = PBXProject;
			attributes = {
				LastUpgradeCheck = 0820;
				ORGANIZATIONNAME = ESGI;
				TargetAttributes = {
					AE975DF11E7041760021780B = {
						CreatedOnToolsVersion = 8.2.1;
						DevelopmentTeam = 3FEVWSJSWH;
						ProvisioningStyle = Automatic;
					};
				};
			};
			buildConfigurationList = AE975DED1E7041760021780B /* Build configuration list for PBXProject "TodoList" */;
			compatibilityVersion = "Xcode 3.2";
			developmentRegion = English;
			hasScannedForEncodings = 0;
			knownRegions = (
				en,
				Base,
			);
			mainGroup = AE975DE91E7041760021780B;
			productRefGroup = AE975DF31E7041760021780B /* Products */;
			projectDirPath = "";
			projectRoot = "";
			targets = (
				AE975DF11E7041760021780B /* TodoList */,
			);
		};
/* End PBXProject section */

/* Begin PBXResourcesBuildPhase section */
		AE975DF01E7041760021780B /* Resources */ = {
			isa = PBXResourcesBuildPhase;
			buildActionMask = 2147483647;
			files = (
				AE975E051E7041760021780B /* LaunchScreen.storyboard in Resources */,
				AE975E021E7041760021780B /* Assets.xcassets in Resources */,
				AE975E001E7041760021780B /* Main.storyboard in Resources */,
			);
			runOnlyForDeploymentPostprocessing = 0;
		};
/* End PBXResourcesBuildPhase section */

/* Begin PBXSourcesBuildPhase section */
		AE975DEE1E7041760021780B /* Sources */ = {
			isa = PBXSourcesBuildPhase;
			buildActionMask = 2147483647;
			files = (
				AE975DFD1E7041760021780B /* ViewController.m in Sources */,
				AE975DFA1E7041760021780B /* AppDelegate.m in Sources */,
				AE975DF71E7041760021780B /* main.m in Sources */,
			);
			runOnlyForDeploymentPostprocessing = 0;
		};
/* End PBXSourcesBuildPhase section */

/* Begin PBXVariantGroup section */
		AE975DFE1E7041760021780B /* Main.storyboard */ = {
			isa = PBXVariantGroup;
			children = (
				AE975DFF1E7041760021780B /* Base */,
			);
			name = Main.storyboard;
			sourceTree = "<group>";
		};
		AE975E031E7041760021780B /* LaunchScreen.storyboard */ = {
			isa = PBXVariantGroup;
			children = (
				AE975E041E7041760021780B /* Base */,
			);
			name = LaunchScreen.storyboard;
			sourceTree = "<group>";
		};
/* End PBXVariantGroup section */

/* Begin XCBuildConfiguration section */
		AE975E071E7041760021780B /* Debug */ = {
			isa = XCBuildConfiguration;
			buildSettings = {
				ALWAYS_SEARCH_USER_PATHS = NO;
				CLANG_ANALYZER_NONNULL = YES;
				CLANG_CXX_LANGUAGE_STANDARD = "gnu++0x";
				CLANG_CXX_LIBRARY = "libc++";
				CLANG_ENABLE_MODULES = YES;
				CLANG_ENABLE_OBJC_ARC = YES;
				CLANG_WARN_BOOL_CONVERSION = YES;
				CLANG_WARN_CONSTANT_CONVERSION = YES;
				CLANG_WARN_DIRECT_OBJC_ISA_USAGE = YES_ERROR;
				CLANG_WARN_DOCUMENTATION_COMMENTS = YES;
				CLANG_WARN_EMPTY_BODY = YES;
				CLANG_WARN_ENUM_CONVERSION = YES;
				CLANG_WARN_INFINITE_RECURSION = YES;
				CLANG_WARN_INT_CONVERSION = YES;
				CLANG_WARN_OBJC_ROOT_CLASS = YES_ERROR;
				CLANG_WARN_SUSPICIOUS_MOVE = YES;
				CLANG_WARN_UNREACHABLE_CODE = YES;
				CLANG_WARN__DUPLICATE_METHOD_MATCH = YES;
				"CODE_SIGN_IDENTITY[sdk=iphoneos*]" = "iPhone Developer";
				COPY_PHASE_STRIP = NO;
				DEBUG_INFORMATION_FORMAT = dwarf;
				ENABLE_STRICT_OBJC_MSGSEND = YES;
				ENABLE_TESTABILITY = YES;
				GCC_C_LANGUAGE_STANDARD = gnu99;
				GCC_DYNAMIC_NO_PIC = NO;
				GCC_NO_COMMON_BLOCKS = YES;
				GCC_OPTIMIZATION_LEVEL = 0;
				GCC_PREPROCESSOR_DEFINITIONS = (
					"DEBUG=1",
					"$(inherited)",
				);
				GCC_WARN_64_TO_32_BIT_CONVERSION = YES;
				GCC_WARN_ABOUT_RETURN_TYPE = YES_ERROR;
				GCC_WARN_UNDECLARED_SELECTOR = YES;
				GCC_WARN_UNINITIALIZED_AUTOS = YES_AGGRESSIVE;
				GCC_WARN_UNUSED_FUNCTION = YES;
				GCC_WARN_UNUSED_VARIABLE = YES;
				IPHONEOS_DEPLOYMENT_TARGET = 10.2;
				MTL_ENABLE_DEBUG_INFO = YES;
				ONLY_ACTIVE_ARCH = YES;
				SDKROOT = iphoneos;
			};
			name = Debug;
		};
		AE975E081E7041760021780B /* Release */ = {
			isa = XCBuildConfiguration;
			buildSettings = {
				ALWAYS_SEARCH_USER_PATHS = NO;
				CLANG_ANALYZER_NONNULL = YES;
				CLANG_CXX_LANGUAGE_STANDARD = "gnu++0x";
				CLANG_CXX_LIBRARY = "libc++";
				CLANG_ENABLE_MODULES = YES;
				CLANG_ENABLE_OBJC_ARC = YES;
				CLANG_WARN_BOOL_CONVERSION = YES;
				CLANG_WARN_CONSTANT_CONVERSION = YES;
				CLANG_WARN_DIRECT_OBJC_ISA_USAGE = YES_ERROR;
				CLANG_WARN_DOCUMENTATION_COMMENTS = YES;
				CLANG_WARN_EMPTY_BODY = YES;
				CLANG_WARN_ENUM_CONVERSION = YES;
				CLANG_WARN_INFINITE_RECURSION = YES;
				CLANG_WARN_INT_CONVERSION = YES;
				CLANG_WARN_OBJC_ROOT_CLASS = YES_ERROR;
				CLANG_WARN_SUSPICIOUS_MOVE = YES;
				CLANG_WARN_UNREACHABLE_CODE = YES;
				CLANG_WARN__DUPLICATE_METHOD_MATCH = YES;
				"CODE_SIGN_IDENTITY[sdk=iphoneos*]" = "iPhone Developer";
				COPY_PHASE_STRIP = NO;
				DEBUG_INFORMATION_FORMAT = "dwarf-with-dsym";
				ENABLE_NS_ASSERTIONS = NO;
				ENABLE_STRICT_OBJC_MSGSEND = YES;
				GCC_C_LANGUAGE_STANDARD = gnu99;
				GCC_NO_COMMON_BLOCKS = YES;
				GCC_WARN_64_TO_32_BIT_CONVERSION = YES;
				GCC_WARN_ABOUT_RETURN_TYPE = YES_ERROR;
				GCC_WARN_UNDECLARED_SELECTOR = YES;
				GCC_WARN_UNINITIALIZED_AUTOS = YES_AGGRESSIVE;
				GCC_WARN_UNUSED_FUNCTION = YES;
				GCC_WARN_UNUSED_VARIABLE = YES;
				IPHONEOS_DEPLOYMENT_TARGET = 10.2;
				MTL_ENABLE_DEBUG_INFO = NO;
				SDKROOT = iphoneos;
				VALIDATE_PRODUCT = YES;
			};
			name = Release;
		};
		AE975E0A1E7041760021780B /* Debug */ = {
			isa = XCBuildConfiguration;
			buildSettings = {
				ASSETCATALOG_COMPILER_APPICON_NAME = AppIcon;
				DEVELOPMENT_TEAM = 3FEVWSJSWH;
				INFOPLIST_FILE = TodoList/Info.plist;
				LD_RUNPATH_SEARCH_PATHS = "$(inherited) @executable_path/Frameworks";
				PRODUCT_BUNDLE_IDENTIFIER = org.esgi.todotlist.TodoList;
				PRODUCT_NAME = "$(TARGET_NAME)";
			};
			name = Debug;
		};
		AE975E0B1E7041760021780B /* Release */ = {
			isa = XCBuildConfiguration;
			buildSettings = {
				ASSETCATALOG_COMPILER_APPICON_NAME = AppIcon;
				DEVELOPMENT_TEAM = 3FEVWSJSWH;
				INFOPLIST_FILE = TodoList/Info.plist;
				LD_RUNPATH_SEARCH_PATHS = "$(inherited) @executable_path/Frameworks";
				PRODUCT_BUNDLE_IDENTIFIER = org.esgi.todotlist.TodoList;
				PRODUCT_NAME = "$(TARGET_NAME)";
			};
			name = Release;
		};
/* End XCBuildConfiguration section */

/* Begin XCConfigurationList section */
		AE975DED1E7041760021780B /* Build configuration list for PBXProject "TodoList" */ = {
			isa = XCConfigurationList;
			buildConfigurations = (
				AE975E071E7041760021780B /* Debug */,
				AE975E081E7041760021780B /* Release */,
			);
			defaultConfigurationIsVisible = 0;
			defaultConfigurationName = Release;
		};
		AE975E091E7041760021780B /* Build configuration list for PBXNativeTarget "TodoList" */ = {
			isa = XCConfigurationList;
			buildConfigurations = (
				AE975E0A1E7041760021780B /* Debug */,
				AE975E0B1E7041760021780B /* Release */,
			);
			defaultConfigurationIsVisible = 0;
		};
/* End XCConfigurationList section */
	};
	rootObject = AE975DEA1E7041760021780B /* Project object */;
}
